
Microsoft Visual Studio Solution File, Format Version 12.00
# Visual Studio Version 17
VisualStudioVersion = 17.14.36414.22 d17.14
MinimumVisualStudioVersion = 10.0.40219.1
Project("{FAE04EC0-301F-11D3-BF4B-00C04F79EFBC}") = "KafkaWebAPI", "KafkaWebAPI\KafkaWebAPI.csproj", "{95FAD22F-804E-44EE-A287-2D81CE07BEBB}"
EndProject
Global
	GlobalSection(SolutionConfigurationPlatforms) = preSolution
		Debug|Any CPU = Debug|Any CPU
		Release|Any CPU = Release|Any CPU
	EndGlobalSection
	GlobalSection(ProjectConfigurationPlatforms) = postSolution
		{95FAD22F-804E-44EE-A287-2D81CE07BEBB}.Debug|Any CPU.ActiveCfg = Debug|Any CPU
		{95FAD22F-804E-44EE-A287-2D81CE07BEBB}.Debug|Any CPU.Build.0 = Debug|Any CPU
		{95FAD22F-804E-44EE-A287-2D81CE07BEBB}.Release|Any CPU.ActiveCfg = Release|Any CPU
		{95FAD22F-804E-44EE-A287-2D81CE07BEBB}.Release|Any CPU.Build.0 = Release|Any CPU
	EndGlobalSection
	GlobalSection(SolutionProperties) = preSolution
		HideSolutionNode = FALSE
	EndGlobalSection
	GlobalSection(ExtensibilityGlobals) = postSolution
		SolutionGuid = {9BDEE7A6-8EAB-4728-A767-05F071235485}
	EndGlobalSection
EndGlobal
